
Microsoft Visual Studio Solution File, Format Version 12.00
# Visual Studio 14
VisualStudioVersion = 14.0.25123.0
MinimumVisualStudioVersion = 10.0.40219.1
Project("{8BC9CEB8-8B4A-11D0-8D11-00A0C91BC942}") = "NeuralNetwork", "NeuralNetwork\NeuralNetwork.vcxproj", "{BCC1794E-2891-48F8-A781-8960D277FF8E}"
EndProject
Project("{8BC9CEB8-8B4A-11D0-8D11-00A0C91BC942}") = "NeuralNetwork_train", "NeuralNetwork_train\NeuralNetwork_train.vcxproj", "{A0B87A0E-C463-4756-9821-6D73CCD9B483}"
EndProject
Project("{8BC9CEB8-8B4A-11D0-8D11-00A0C91BC942}") = "NeuralNetwork_test", "NeuralNetwork_test\NeuralNetwork_test.vcxproj", "{A1349E60-1974-4901-81F5-986E219E9E20}"
EndProject
Global
	GlobalSection(SolutionConfigurationPlatforms) = preSolution
		Debug|x64 = Debug|x64
		Debug|x86 = Debug|x86
		Release|x64 = Release|x64
		Release|x86 = Release|x86
	EndGlobalSection
	GlobalSection(ProjectConfigurationPlatforms) = postSolution
		{BCC1794E-2891-48F8-A781-8960D277FF8E}.Debug|x64.ActiveCfg = Debug|x64
		{BCC1794E-2891-48F8-A781-8960D277FF8E}.Debug|x64.Build.0 = Debug|x64
		{BCC1794E-2891-48F8-A781-8960D277FF8E}.Debug|x86.ActiveCfg = Debug|Win32
		{BCC1794E-2891-48F8-A781-8960D277FF8E}.Debug|x86.Build.0 = Debug|Win32
		{BCC1794E-2891-48F8-A781-8960D277FF8E}.Release|x64.ActiveCfg = Release|x64
		{BCC1794E-2891-48F8-A781-8960D277FF8E}.Release|x64.Build.0 = Release|x64
		{BCC1794E-2891-48F8-A781-8960D277FF8E}.Release|x86.ActiveCfg = Release|x64
		{BCC1794E-2891-48F8-A781-8960D277FF8E}.Release|x86.Build.0 = Release|x64
		{A0B87A0E-C463-4756-9821-6D73CCD9B483}.Debug|x64.ActiveCfg = Debug|x64
		{A0B87A0E-C463-4756-9821-6D73CCD9B483}.Debug|x64.Build.0 = Debug|x64
		{A0B87A0E-C463-4756-9821-6D73CCD9B483}.Debug|x86.ActiveCfg = Debug|Win32
		{A0B87A0E-C463-4756-9821-6D73CCD9B483}.Debug|x86.Build.0 = Debug|Win32
		{A0B87A0E-C463-4756-9821-6D73CCD9B483}.Release|x64.ActiveCfg = Release|x64
		{A0B87A0E-C463-4756-9821-6D73CCD9B483}.Release|x64.Build.0 = Release|x64
		{A0B87A0E-C463-4756-9821-6D73CCD9B483}.Release|x86.ActiveCfg = Release|x64
		{A0B87A0E-C463-4756-9821-6D73CCD9B483}.Release|x86.Build.0 = Release|x64
		{A1349E60-1974-4901-81F5-986E219E9E20}.Debug|x64.ActiveCfg = Debug|x64
		{A1349E60-1974-4901-81F5-986E219E9E20}.Debug|x64.Build.0 = Debug|x64
		{A1349E60-1974-4901-81F5-986E219E9E20}.Debug|x86.ActiveCfg = Debug|Win32
		{A1349E60-1974-4901-81F5-986E219E9E20}.Debug|x86.Build.0 = Debug|Win32
		{A1349E60-1974-4901-81F5-986E219E9E20}.Release|x64.ActiveCfg = Release|x64
		{A1349E60-1974-4901-81F5-986E219E9E20}.Release|x64.Build.0 = Release|x64
		{A1349E60-1974-4901-81F5-986E219E9E20}.Release|x86.ActiveCfg = Release|x64
		{A1349E60-1974-4901-81F5-986E219E9E20}.Release|x86.Build.0 = Release|x64
	EndGlobalSection
	GlobalSection(SolutionProperties) = preSolution
		HideSolutionNode = FALSE
	EndGlobalSection
EndGlobal
